
Microsoft Visual Studio Solution File, Format Version 12.00
Project("{FAE04EC0-301F-11D3-BF4B-00C04F79EFBC}") = "OsuCzechiaBot", "OsuCzechiaBot\OsuCzechiaBot.csproj", "{CA2D1864-E61C-44F6-9A0D-36E36143956C}"
EndProject
Global
	GlobalSection(SolutionConfigurationPlatforms) = preSolution
		Debug|Any CPU = Debug|Any CPU
		Release|Any CPU = Release|Any CPU
	EndGlobalSection
	GlobalSection(ProjectConfigurationPlatforms) = postSolution
		{CA2D1864-E61C-44F6-9A0D-36E36143956C}.Debug|Any CPU.ActiveCfg = Debug|Any CPU
		{CA2D1864-E61C-44F6-9A0D-36E36143956C}.Debug|Any CPU.Build.0 = Debug|Any CPU
		{CA2D1864-E61C-44F6-9A0D-36E36143956C}.Release|Any CPU.ActiveCfg = Release|Any CPU
		{CA2D1864-E61C-44F6-9A0D-36E36143956C}.Release|Any CPU.Build.0 = Release|Any CPU
	EndGlobalSection
EndGlobal
